Microsoft Visual Studio Solution File, Format Version 12.00
# Visual Studio 15
VisualStudioVersion = 15.0.28307.421
MinimumVisualStudioVersion = 10.0.40219.1
Project("{2150E333-8FDC-42A3-9474-1A3956D46DE8}") = "src", "src", "{B7E68B43-D981-42B6-BF0F-E56B45F8A827}"
EndProject
Project("{2150E333-8FDC-42A3-9474-1A3956D46DE8}") = "Solution Items", "Solution Items", "{0F61AF47-FFD8-467A-8DCF-5F13A3AC0C18}"
	ProjectSection(SolutionItems) = preProject
		global.json = global.json
	EndProjectSection
EndProject
Project("{9A19103F-16F7-4668-BE54-9A1E7A4F7556}") = "BDSA.ReviewIt.Server.API", "src\Server\BDSA.ReviewIt.Server.API\BDSA.ReviewIt.Server.API.csproj", "{E76C5B01-5377-4F57-8D9A-AAD029DC9DAF}"
EndProject
Project("{9A19103F-16F7-4668-BE54-9A1E7A4F7556}") = "BDSA.ReviewIt.Server.StorageLayer", "src\Server\BDSA.ReviewIt.Server.StorageLayer\BDSA.ReviewIt.Server.StorageLayer.csproj", "{DC760324-4764-499F-A8F6-E565BF9B3038}"
EndProject
Project("{9A19103F-16F7-4668-BE54-9A1E7A4F7556}") = "BDSA.ReviewIt.Server.Logic", "src\Server\BDSA.ReviewIt.Server.Logic\BDSA.ReviewIt.Server.Logic.csproj", "{1644C59D-5189-40B4-AB40-AC0798450626}"
EndProject
Project("{9A19103F-16F7-4668-BE54-9A1E7A4F7556}") = "BDSA.ReviewIt.Server.API.Tests", "src\Server\BDSA.ReviewIt.Server.API.Tests\BDSA.ReviewIt.Server.API.Tests.csproj", "{B9AE67D3-121E-4399-BBFB-8087D3E0D6E7}"
EndProject
Project("{9A19103F-16F7-4668-BE54-9A1E7A4F7556}") = "BDSA.ReviewIt.Server.StorageLayer.Tests", "src\Server\BDSA.ReviewIt.Server.StorageLayer.Tests\BDSA.ReviewIt.Server.StorageLayer.Tests.csproj", "{6A360659-921D-4868-8F59-8BFCC8DC0A0B}"
EndProject
Project("{9A19103F-16F7-4668-BE54-9A1E7A4F7556}") = "BDSA.ReviewIt.Server.Logic.Tests", "src\Server\BDSA.ReviewIt.Server.Logic.Tests\BDSA.ReviewIt.Server.Logic.Tests.csproj", "{BEB3E5E3-2863-4115-AB07-522945A68071}"
EndProject
Global
	GlobalSection(SolutionConfigurationPlatforms) = preSolution
		Debug|Any CPU = Debug|Any CPU
		Debug|ARM = Debug|ARM
		Debug|x64 = Debug|x64
		Debug|x86 = Debug|x86
		Release|Any CPU = Release|Any CPU
		Release|ARM = Release|ARM
		Release|x64 = Release|x64
		Release|x86 = Release|x86
	EndGlobalSection
	GlobalSection(ProjectConfigurationPlatforms) = postSolution
		{E76C5B01-5377-4F57-8D9A-AAD029DC9DAF}.Debug|Any CPU.ActiveCfg = Debug|Any CPU
		{E76C5B01-5377-4F57-8D9A-AAD029DC9DAF}.Debug|Any CPU.Build.0 = Debug|Any CPU
		{E76C5B01-5377-4F57-8D9A-AAD029DC9DAF}.Debug|ARM.ActiveCfg = Debug|Any CPU
		{E76C5B01-5377-4F57-8D9A-AAD029DC9DAF}.Debug|ARM.Build.0 = Debug|Any CPU
		{E76C5B01-5377-4F57-8D9A-AAD029DC9DAF}.Debug|x64.ActiveCfg = Debug|Any CPU
		{E76C5B01-5377-4F57-8D9A-AAD029DC9DAF}.Debug|x64.Build.0 = Debug|Any CPU
		{E76C5B01-5377-4F57-8D9A-AAD029DC9DAF}.Debug|x86.ActiveCfg = Debug|Any CPU
		{E76C5B01-5377-4F57-8D9A-AAD029DC9DAF}.Debug|x86.Build.0 = Debug|Any CPU
		{E76C5B01-5377-4F57-8D9A-AAD029DC9DAF}.Release|Any CPU.ActiveCfg = Release|Any CPU
		{E76C5B01-5377-4F57-8D9A-AAD029DC9DAF}.Release|Any CPU.Build.0 = Release|Any CPU
		{E76C5B01-5377-4F57-8D9A-AAD029DC9DAF}.Release|ARM.ActiveCfg = Release|Any CPU
		{E76C5B01-5377-4F57-8D9A-AAD029DC9DAF}.Release|ARM.Build.0 = Release|Any CPU
		{E76C5B01-5377-4F57-8D9A-AAD029DC9DAF}.Release|x64.ActiveCfg = Release|Any CPU
		{E76C5B01-5377-4F57-8D9A-AAD029DC9DAF}.Release|x64.Build.0 = Release|Any CPU
		{E76C5B01-5377-4F57-8D9A-AAD029DC9DAF}.Release|x86.ActiveCfg = Release|Any CPU
		{E76C5B01-5377-4F57-8D9A-AAD029DC9DAF}.Release|x86.Build.0 = Release|Any CPU
		{DC760324-4764-499F-A8F6-E565BF9B3038}.Debug|Any CPU.ActiveCfg = Debug|Any CPU
		{DC760324-4764-499F-A8F6-E565BF9B3038}.Debug|Any CPU.Build.0 = Debug|Any CPU
		{DC760324-4764-499F-A8F6-E565BF9B3038}.Debug|ARM.ActiveCfg = Debug|Any CPU
		{DC760324-4764-499F-A8F6-E565BF9B3038}.Debug|ARM.Build.0 = Debug|Any CPU
		{DC760324-4764-499F-A8F6-E565BF9B3038}.Debug|x64.ActiveCfg = Debug|Any CPU
		{DC760324-4764-499F-A8F6-E565BF9B3038}.Debug|x64.Build.0 = Debug|Any CPU
		{DC760324-4764-499F-A8F6-E565BF9B3038}.Debug|x86.ActiveCfg = Debug|Any CPU
		{DC760324-4764-499F-A8F6-E565BF9B3038}.Debug|x86.Build.0 = Debug|Any CPU
		{DC760324-4764-499F-A8F6-E565BF9B3038}.Release|Any CPU.ActiveCfg = Release|Any CPU
		{DC760324-4764-499F-A8F6-E565BF9B3038}.Release|Any CPU.Build.0 = Release|Any CPU
		{DC760324-4764-499F-A8F6-E565BF9B3038}.Release|ARM.ActiveCfg = Release|Any CPU
		{DC760324-4764-499F-A8F6-E565BF9B3038}.Release|ARM.Build.0 = Release|Any CPU
		{DC760324-4764-499F-A8F6-E565BF9B3038}.Release|x64.ActiveCfg = Release|Any CPU
		{DC760324-4764-499F-A8F6-E565BF9B3038}.Release|x64.Build.0 = Release|Any CPU
		{DC760324-4764-499F-A8F6-E565BF9B3038}.Release|x86.ActiveCfg = Release|Any CPU
		{DC760324-4764-499F-A8F6-E565BF9B3038}.Release|x86.Build.0 = Release|Any CPU
		{1644C59D-5189-40B4-AB40-AC0798450626}.Debug|Any CPU.ActiveCfg = Debug|Any CPU
		{1644C59D-5189-40B4-AB40-AC0798450626}.Debug|Any CPU.Build.0 = Debug|Any CPU
		{1644C59D-5189-40B4-AB40-AC0798450626}.Debug|ARM.ActiveCfg = Debug|Any CPU
		{1644C59D-5189-40B4-AB40-AC0798450626}.Debug|ARM.Build.0 = Debug|Any CPU
		{1644C59D-5189-40B4-AB40-AC0798450626}.Debug|x64.ActiveCfg = Debug|Any CPU
		{1644C59D-5189-40B4-AB40-AC0798450626}.Debug|x64.Build.0 = Debug|Any CPU
		{1644C59D-5189-40B4-AB40-AC0798450626}.Debug|x86.ActiveCfg = Debug|Any CPU
		{1644C59D-5189-40B4-AB40-AC0798450626}.Debug|x86.Build.0 = Debug|Any CPU
		{1644C59D-5189-40B4-AB40-AC0798450626}.Release|Any CPU.ActiveCfg = Release|Any CPU
		{1644C59D-5189-40B4-AB40-AC0798450626}.Release|Any CPU.Build.0 = Release|Any CPU
		{1644C59D-5189-40B4-AB40-AC0798450626}.Release|ARM.ActiveCfg = Release|Any CPU
		{1644C59D-5189-40B4-AB40-AC0798450626}.Release|ARM.Build.0 = Release|Any CPU
		{1644C59D-5189-40B4-AB40-AC0798450626}.Release|x64.ActiveCfg = Release|Any CPU
		{1644C59D-5189-40B4-AB40-AC0798450626}.Release|x64.Build.0 = Release|Any CPU
		{1644C59D-5189-40B4-AB40-AC0798450626}.Release|x86.ActiveCfg = Release|Any CPU
		{1644C59D-5189-40B4-AB40-AC0798450626}.Release|x86.Build.0 = Release|Any CPU
		{B9AE67D3-121E-4399-BBFB-8087D3E0D6E7}.Debug|Any CPU.ActiveCfg = Debug|Any CPU
		{B9AE67D3-121E-4399-BBFB-8087D3E0D6E7}.Debug|Any CPU.Build.0 = Debug|Any CPU
		{B9AE67D3-121E-4399-BBFB-8087D3E0D6E7}.Debug|ARM.ActiveCfg = Debug|Any CPU
		{B9AE67D3-121E-4399-BBFB-8087D3E0D6E7}.Debug|ARM.Build.0 = Debug|Any CPU
		{B9AE67D3-121E-4399-BBFB-8087D3E0D6E7}.Debug|x64.ActiveCfg = Debug|Any CPU
		{B9AE67D3-121E-4399-BBFB-8087D3E0D6E7}.Debug|x64.Build.0 = Debug|Any CPU
		{B9AE67D3-121E-4399-BBFB-8087D3E0D6E7}.Debug|x86.ActiveCfg = Debug|Any CPU
		{B9AE67D3-121E-4399-BBFB-8087D3E0D6E7}.Debug|x86.Build.0 = Debug|Any CPU
		{B9AE67D3-121E-4399-BBFB-8087D3E0D6E7}.Release|Any CPU.ActiveCfg = Release|Any CPU
		{B9AE67D3-121E-4399-BBFB-8087D3E0D6E7}.Release|Any CPU.Build.0 = Release|Any CPU
		{B9AE67D3-121E-4399-BBFB-8087D3E0D6E7}.Release|ARM.ActiveCfg = Release|Any CPU
		{B9AE67D3-121E-4399-BBFB-8087D3E0D6E7}.Release|ARM.Build.0 = Release|Any CPU
		{B9AE67D3-121E-4399-BBFB-8087D3E0D6E7}.Release|x64.ActiveCfg = Release|Any CPU
		{B9AE67D3-121E-4399-BBFB-8087D3E0D6E7}.Release|x64.Build.0 = Release|Any CPU
		{B9AE67D3-121E-4399-BBFB-8087D3E0D6E7}.Release|x86.ActiveCfg = Release|Any CPU
		{B9AE67D3-121E-4399-BBFB-8087D3E0D6E7}.Release|x86.Build.0 = Release|Any CPU
		{6A360659-921D-4868-8F59-8BFCC8DC0A0B}.Debug|Any CPU.ActiveCfg = Debug|Any CPU
		{6A360659-921D-4868-8F59-8BFCC8DC0A0B}.Debug|Any CPU.Build.0 = Debug|Any CPU
		{6A360659-921D-4868-8F59-8BFCC8DC0A0B}.Debug|ARM.ActiveCfg = Debug|Any CPU
		{6A360659-921D-4868-8F59-8BFCC8DC0A0B}.Debug|ARM.Build.0 = Debug|Any CPU
		{6A360659-921D-4868-8F59-8BFCC8DC0A0B}.Debug|x64.ActiveCfg = Debug|Any CPU
		{6A360659-921D-4868-8F59-8BFCC8DC0A0B}.Debug|x64.Build.0 = Debug|Any CPU
		{6A360659-921D-4868-8F59-8BFCC8DC0A0B}.Debug|x86.ActiveCfg = Debug|Any CPU
		{6A360659-921D-4868-8F59-8BFCC8DC0A0B}.Debug|x86.Build.0 = Debug|Any CPU
		{6A360659-921D-4868-8F59-8BFCC8DC0A0B}.Release|Any CPU.ActiveCfg = Release|Any CPU
		{6A360659-921D-4868-8F59-8BFCC8DC0A0B}.Release|Any CPU.Build.0 = Release|Any CPU
		{6A360659-921D-4868-8F59-8BFCC8DC0A0B}.Release|ARM.ActiveCfg = Release|Any CPU
		{6A360659-921D-4868-8F59-8BFCC8DC0A0B}.Release|ARM.Build.0 = Release|Any CPU
		{6A360659-921D-4868-8F59-8BFCC8DC0A0B}.Release|x64.ActiveCfg = Release|Any CPU
		{6A360659-921D-4868-8F59-8BFCC8DC0A0B}.Release|x64.Build.0 = Release|Any CPU
		{6A360659-921D-4868-8F59-8BFCC8DC0A0B}.Release|x86.ActiveCfg = Release|Any CPU
		{6A360659-921D-4868-8F59-8BFCC8DC0A0B}.Release|x86.Build.0 = Release|Any CPU
		{BEB3E5E3-2863-4115-AB07-522945A68071}.Debug|Any CPU.ActiveCfg = Debug|Any CPU
		{BEB3E5E3-2863-4115-AB07-522945A68071}.Debug|Any CPU.Build.0 = Debug|Any CPU
		{BEB3E5E3-2863-4115-AB07-522945A68071}.Debug|ARM.ActiveCfg = Debug|Any CPU
		{BEB3E5E3-2863-4115-AB07-522945A68071}.Debug|ARM.Build.0 = Debug|Any CPU
		{BEB3E5E3-2863-4115-AB07-522945A68071}.Debug|x64.ActiveCfg = Debug|Any CPU
		{BEB3E5E3-2863-4115-AB07-522945A68071}.Debug|x64.Build.0 = Debug|Any CPU
		{BEB3E5E3-2863-4115-AB07-522945A68071}.Debug|x86.ActiveCfg = Debug|Any CPU
		{BEB3E5E3-2863-4115-AB07-522945A68071}.Debug|x86.Build.0 = Debug|Any CPU
		{BEB3E5E3-2863-4115-AB07-522945A68071}.Release|Any CPU.ActiveCfg = Release|Any CPU
		{BEB3E5E3-2863-4115-AB07-522945A68071}.Release|Any CPU.Build.0 = Release|Any CPU
		{BEB3E5E3-2863-4115-AB07-522945A68071}.Release|ARM.ActiveCfg = Release|Any CPU
		{BEB3E5E3-2863-4115-AB07-522945A68071}.Release|ARM.Build.0 = Release|Any CPU
		{BEB3E5E3-2863-4115-AB07-522945A68071}.Release|x64.ActiveCfg = Release|Any CPU
		{BEB3E5E3-2863-4115-AB07-522945A68071}.Release|x64.Build.0 = Release|Any CPU
		{BEB3E5E3-2863-4115-AB07-522945A68071}.Release|x86.ActiveCfg = Release|Any CPU
		{BEB3E5E3-2863-4115-AB07-522945A68071}.Release|x86.Build.0 = Release|Any CPU
	EndGlobalSection
	GlobalSection(SolutionProperties) = preSolution
		HideSolutionNode = FALSE
	EndGlobalSection
	GlobalSection(NestedProjects) = preSolution
		{E76C5B01-5377-4F57-8D9A-AAD029DC9DAF} = {B7E68B43-D981-42B6-BF0F-E56B45F8A827}
		{DC760324-4764-499F-A8F6-E565BF9B3038} = {B7E68B43-D981-42B6-BF0F-E56B45F8A827}
		{1644C59D-5189-40B4-AB40-AC0798450626} = {B7E68B43-D981-42B6-BF0F-E56B45F8A827}
		{B9AE67D3-121E-4399-BBFB-8087D3E0D6E7} = {B7E68B43-D981-42B6-BF0F-E56B45F8A827}
		{6A360659-921D-4868-8F59-8BFCC8DC0A0B} = {B7E68B43-D981-42B6-BF0F-E56B45F8A827}
		{BEB3E5E3-2863-4115-AB07-522945A68071} = {B7E68B43-D981-42B6-BF0F-E56B45F8A827}
	EndGlobalSection
	GlobalSection(ExtensibilityGlobals) = postSolution
		SolutionGuid = {0A494D4D-3421-44B4-820E-A8F232AF0A10}
	EndGlobalSection
EndGlobal
